
Microsoft Visual Studio Solution File, Format Version 12.00
# Visual Studio Version 17
VisualStudioVersion = 17.0.31903.59
MinimumVisualStudioVersion = 10.0.40219.1
Project("{2150E333-8FDC-42A3-9474-1A3956D46DE8}") = "src", "src", "{91B3A206-4C50-4E25-8D45-185052E0950E}"
EndProject
Project("{9A19103F-16F7-4668-BE54-9A1E7A4F7556}") = "Shared", "src\Shared\Shared.csproj", "{D695CB0C-762F-4F6B-B619-4BF4BFAEEB8D}"
EndProject
Project("{9A19103F-16F7-4668-BE54-9A1E7A4F7556}") = "Infrastructure.Auth", "src\Infrastructure.Auth\Infrastructure.Auth.csproj", "{6F084F7A-782B-4209-898B-2295FF50704F}"
EndProject
Project("{9A19103F-16F7-4668-BE54-9A1E7A4F7556}") = "HttpApi.Client", "src\HttpApi.Client\HttpApi.Client.csproj", "{7270BB2F-F0B7-4F46-A864-70F852C6B9B8}"
EndProject
Project("{9A19103F-16F7-4668-BE54-9A1E7A4F7556}") = "WebApp", "src\WebApp\WebApp.csproj", "{5079BB12-EE0E-4E71-85AD-B1D406253149}"
EndProject
Global
	GlobalSection(SolutionConfigurationPlatforms) = preSolution
		Debug|Any CPU = Debug|Any CPU
		Release|Any CPU = Release|Any CPU
	EndGlobalSection
	GlobalSection(ProjectConfigurationPlatforms) = postSolution
		{D695CB0C-762F-4F6B-B619-4BF4BFAEEB8D}.Debug|Any CPU.ActiveCfg = Debug|Any CPU
		{D695CB0C-762F-4F6B-B619-4BF4BFAEEB8D}.Debug|Any CPU.Build.0 = Debug|Any CPU
		{D695CB0C-762F-4F6B-B619-4BF4BFAEEB8D}.Release|Any CPU.ActiveCfg = Release|Any CPU
		{D695CB0C-762F-4F6B-B619-4BF4BFAEEB8D}.Release|Any CPU.Build.0 = Release|Any CPU
		{6F084F7A-782B-4209-898B-2295FF50704F}.Debug|Any CPU.ActiveCfg = Debug|Any CPU
		{6F084F7A-782B-4209-898B-2295FF50704F}.Debug|Any CPU.Build.0 = Debug|Any CPU
		{6F084F7A-782B-4209-898B-2295FF50704F}.Release|Any CPU.ActiveCfg = Release|Any CPU
		{6F084F7A-782B-4209-898B-2295FF50704F}.Release|Any CPU.Build.0 = Release|Any CPU
		{7270BB2F-F0B7-4F46-A864-70F852C6B9B8}.Debug|Any CPU.ActiveCfg = Debug|Any CPU
		{7270BB2F-F0B7-4F46-A864-70F852C6B9B8}.Debug|Any CPU.Build.0 = Debug|Any CPU
		{7270BB2F-F0B7-4F46-A864-70F852C6B9B8}.Release|Any CPU.ActiveCfg = Release|Any CPU
		{7270BB2F-F0B7-4F46-A864-70F852C6B9B8}.Release|Any CPU.Build.0 = Release|Any CPU
		{5079BB12-EE0E-4E71-85AD-B1D406253149}.Debug|Any CPU.ActiveCfg = Debug|Any CPU
		{5079BB12-EE0E-4E71-85AD-B1D406253149}.Debug|Any CPU.Build.0 = Debug|Any CPU
		{5079BB12-EE0E-4E71-85AD-B1D406253149}.Release|Any CPU.ActiveCfg = Release|Any CPU
		{5079BB12-EE0E-4E71-85AD-B1D406253149}.Release|Any CPU.Build.0 = Release|Any CPU
	EndGlobalSection
	GlobalSection(SolutionProperties) = preSolution
		HideSolutionNode = FALSE
	EndGlobalSection
	GlobalSection(NestedProjects) = preSolution
		{D695CB0C-762F-4F6B-B619-4BF4BFAEEB8D} = {91B3A206-4C50-4E25-8D45-185052E0950E}
		{6F084F7A-782B-4209-898B-2295FF50704F} = {91B3A206-4C50-4E25-8D45-185052E0950E}
		{7270BB2F-F0B7-4F46-A864-70F852C6B9B8} = {91B3A206-4C50-4E25-8D45-185052E0950E}
		{5079BB12-EE0E-4E71-85AD-B1D406253149} = {91B3A206-4C50-4E25-8D45-185052E0950E}
	EndGlobalSection
	GlobalSection(ExtensibilityGlobals) = postSolution
		SolutionGuid = {1FFF7CFB-378C-4E38-9542-17C00D0955A4}
	EndGlobalSection
EndGlobal
